
Microsoft Visual Studio Solution File, Format Version 12.00
# Visual Studio Version 16
VisualStudioVersion = 16.0.31624.102
MinimumVisualStudioVersion = 10.0.40219.1
Project("{FAE04EC0-301F-11D3-BF4B-00C04F79EFBC}") = "FunctionsReturnAndArraysFromFile", "FunctionsReturnAndArraysFromFile\FunctionsReturnAndArraysFromFile.csproj", "{F4096426-4544-4D75-ADAF-AC11F8207456}"
EndProject
Project("{FAE04EC0-301F-11D3-BF4B-00C04F79EFBC}") = "FridayNightRandom", "FridayNightRandom\FridayNightRandom.csproj", "{6B64E6EA-5E96-4DF4-9710-12E9A7A1AAC5}"
EndProject
Project("{FAE04EC0-301F-11D3-BF4B-00C04F79EFBC}") = "FridayNightRandomReturn", "FridayNightRandomReturn\FridayNightRandomReturn.csproj", "{9FF6DC68-DAD8-4C96-A3C0-FBD36CA0181D}"
EndProject
Project("{FAE04EC0-301F-11D3-BF4B-00C04F79EFBC}") = "PickRandomFromFile", "PickRandomFromFile\PickRandomFromFile.csproj", "{42CD10AD-BF9F-435F-ACE6-157E84F37109}"
EndProject
Project("{FAE04EC0-301F-11D3-BF4B-00C04F79EFBC}") = "ChuckNorris", "ChuckNorris\ChuckNorris.csproj", "{67757D3D-6869-4468-A990-B6E514A775B9}"
EndProject
Global
	GlobalSection(SolutionConfigurationPlatforms) = preSolution
		Debug|Any CPU = Debug|Any CPU
		Release|Any CPU = Release|Any CPU
	EndGlobalSection
	GlobalSection(ProjectConfigurationPlatforms) = postSolution
		{F4096426-4544-4D75-ADAF-AC11F8207456}.Debug|Any CPU.ActiveCfg = Debug|Any CPU
		{F4096426-4544-4D75-ADAF-AC11F8207456}.Debug|Any CPU.Build.0 = Debug|Any CPU
		{F4096426-4544-4D75-ADAF-AC11F8207456}.Release|Any CPU.ActiveCfg = Release|Any CPU
		{F4096426-4544-4D75-ADAF-AC11F8207456}.Release|Any CPU.Build.0 = Release|Any CPU
		{6B64E6EA-5E96-4DF4-9710-12E9A7A1AAC5}.Debug|Any CPU.ActiveCfg = Debug|Any CPU
		{6B64E6EA-5E96-4DF4-9710-12E9A7A1AAC5}.Debug|Any CPU.Build.0 = Debug|Any CPU
		{6B64E6EA-5E96-4DF4-9710-12E9A7A1AAC5}.Release|Any CPU.ActiveCfg = Release|Any CPU
		{6B64E6EA-5E96-4DF4-9710-12E9A7A1AAC5}.Release|Any CPU.Build.0 = Release|Any CPU
		{9FF6DC68-DAD8-4C96-A3C0-FBD36CA0181D}.Debug|Any CPU.ActiveCfg = Debug|Any CPU
		{9FF6DC68-DAD8-4C96-A3C0-FBD36CA0181D}.Debug|Any CPU.Build.0 = Debug|Any CPU
		{9FF6DC68-DAD8-4C96-A3C0-FBD36CA0181D}.Release|Any CPU.ActiveCfg = Release|Any CPU
		{9FF6DC68-DAD8-4C96-A3C0-FBD36CA0181D}.Release|Any CPU.Build.0 = Release|Any CPU
		{42CD10AD-BF9F-435F-ACE6-157E84F37109}.Debug|Any CPU.ActiveCfg = Debug|Any CPU
		{42CD10AD-BF9F-435F-ACE6-157E84F37109}.Debug|Any CPU.Build.0 = Debug|Any CPU
		{42CD10AD-BF9F-435F-ACE6-157E84F37109}.Release|Any CPU.ActiveCfg = Release|Any CPU
		{42CD10AD-BF9F-435F-ACE6-157E84F37109}.Release|Any CPU.Build.0 = Release|Any CPU
		{67757D3D-6869-4468-A990-B6E514A775B9}.Debug|Any CPU.ActiveCfg = Debug|Any CPU
		{67757D3D-6869-4468-A990-B6E514A775B9}.Debug|Any CPU.Build.0 = Debug|Any CPU
		{67757D3D-6869-4468-A990-B6E514A775B9}.Release|Any CPU.ActiveCfg = Release|Any CPU
		{67757D3D-6869-4468-A990-B6E514A775B9}.Release|Any CPU.Build.0 = Release|Any CPU
	EndGlobalSection
	GlobalSection(SolutionProperties) = preSolution
		HideSolutionNode = FALSE
	EndGlobalSection
	GlobalSection(ExtensibilityGlobals) = postSolution
		SolutionGuid = {B3267B20-340F-44C5-990B-0FC7F1DADCA9}
	EndGlobalSection
EndGlobal
